{
  "lockfileVersion": 1,
  "configVersion": 0,
  "workspaces": {
    "": {
      "name": "ps",
      "dependencies": {
        "@napi-rs/canvas": "^0.1.88",
        "axios": "^1.13.2",
      },
      "devDependencies": {
        "@biomejs/biome": "2.4.13",
        "@types/bun": "^1.3.6",
        "@types/node": "^25.0.9",
        "@types/sizeof": "^1.0.3",
        "chalk": "^5.6.2",
        "globals": "^17.0.0",
        "sizeof": "^1.0.0",
      },
      "peerDependencies": {
        "typescript": "^5.9.3",
      },
    },
  },
  "packages": {
    "@biomejs/biome": ["@biomejs/biome@2.4.13", "", { "optionalDependencies": { "@biomejs/cli-darwin-arm64": "2.4.13", "@biomejs/cli-darwin-x64": "2.4.13", "@biomejs/cli-linux-arm64": "2.4.13", "@biomejs/cli-linux-arm64-musl": "2.4.13", "@biomejs/cli-linux-x64": "2.4.13", "@biomejs/cli-linux-x64-musl": "2.4.13", "@biomejs/cli-win32-arm64": "2.4.13", "@biomejs/cli-win32-x64": "2.4.13" }, "bin": { "biome": "bin/biome" } }, "sha512-gLXOwkOBBg0tr7bDsqlkIh4uFeKuMjxvqsrb1Tukww1iDmHcfr4Uu8MoQxp0Rcte+69+osRNWXwHsu/zxT6XqA=="],

    "@biomejs/cli-darwin-arm64": ["@biomejs/cli-darwin-arm64@2.4.13", "", { "os": "darwin", "cpu": "arm64" }, "sha512-2KImO1jhNFBa2oWConyr0x6flxbQpGKv6902uGXpYM62Xyem8U80j441SyUJ8KyngsmKbQjeIv1q2CQfDkNnYg=="],

    "@biomejs/cli-darwin-x64": ["@biomejs/cli-darwin-x64@2.4.13", "", { "os": "darwin", "cpu": "x64" }, "sha512-BKrJklbaFN4p1Ts4kPBczo+PkbsHQg57kmJ+vON9u2t6uN5okYHaSr7h/MutPCWQgg2lglaWoSmm+zhYW+oOkg=="],

    "@biomejs/cli-linux-arm64": ["@biomejs/cli-linux-arm64@2.4.13", "", { "os": "linux", "cpu": "arm64" }, "sha512-NzkUDSqfvMBrPplKgVr3aXLHZ2NEELvvF4vZxXulEylKWIGqlvNEcwUcj9OLrn75TD3lJ/GIqCVlBwd1MZCuYQ=="],

    "@biomejs/cli-linux-arm64-musl": ["@biomejs/cli-linux-arm64-musl@2.4.13", "", { "os": "linux", "cpu": "arm64" }, "sha512-U5MsuBQW25dXaYtqWWSPM3P96H6Y+fHuja3TQpMNnylocHW0tEbtFTDlUj6oM+YJLntvEkQy4grBvQNUD4+RCg=="],

    "@biomejs/cli-linux-x64": ["@biomejs/cli-linux-x64@2.4.13", "", { "os": "linux", "cpu": "x64" }, "sha512-Az3ZZedYRBo9EQzNnD9SxFcR1G5QsGo6VEc2hIyVPZ1rdKwee/7E9oeBBZFpE8Z44ekxsDQBqbiWGW5ShOhUSQ=="],

    "@biomejs/cli-linux-x64-musl": ["@biomejs/cli-linux-x64-musl@2.4.13", "", { "os": "linux", "cpu": "x64" }, "sha512-Z601MienRgTBDza/+u2CH3RSrWoXo9rtr8NK6A4KJzqGgfxx+H3VlyLgTJ4sRo40T3pIsqpTmiOQEvYzQvBRvQ=="],

    "@biomejs/cli-win32-arm64": ["@biomejs/cli-win32-arm64@2.4.13", "", { "os": "win32", "cpu": "arm64" }, "sha512-Px9PS2B5/Q183bUwy/5VHqp3J2lzdOCeVGzMpphYfl8oSa7VDCqenBdqWpy6DCy/en4Rbf/Y1RieZF6dJPcc9A=="],

    "@biomejs/cli-win32-x64": ["@biomejs/cli-win32-x64@2.4.13", "", { "os": "win32", "cpu": "x64" }, "sha512-tTcMkXyBrmHi9BfrD2VNHs/5rYIUKETqsBlYOvSAABwBkJhSDVb5e7wPukftsQbO3WzQkXe6kaztC6WtUOXSoQ=="],

    "@napi-rs/canvas": ["@napi-rs/canvas@0.1.88", "", { "optionalDependencies": { "@napi-rs/canvas-android-arm64": "0.1.88", "@napi-rs/canvas-darwin-arm64": "0.1.88", "@napi-rs/canvas-darwin-x64": "0.1.88", "@napi-rs/canvas-linux-arm-gnueabihf": "0.1.88", "@napi-rs/canvas-linux-arm64-gnu": "0.1.88", "@napi-rs/canvas-linux-arm64-musl": "0.1.88", "@napi-rs/canvas-linux-riscv64-gnu": "0.1.88", "@napi-rs/canvas-linux-x64-gnu": "0.1.88", "@napi-rs/canvas-linux-x64-musl": "0.1.88", "@napi-rs/canvas-win32-arm64-msvc": "0.1.88", "@napi-rs/canvas-win32-x64-msvc": "0.1.88" } }, "sha512-/p08f93LEbsL5mDZFQ3DBxcPv/I4QG9EDYRRq1WNlCOXVfAHBTHMSVMwxlqG/AtnSfUr9+vgfN7MKiyDo0+Weg=="],

    "@napi-rs/canvas-android-arm64": ["@napi-rs/canvas-android-arm64@0.1.88", "", { "os": "android", "cpu": "arm64" }, "sha512-KEaClPnZuVxJ8smUWjV1wWFkByBO/D+vy4lN+Dm5DFH514oqwukxKGeck9xcKJhaWJGjfruGmYGiwRe//+/zQQ=="],

    "@napi-rs/canvas-darwin-arm64": ["@napi-rs/canvas-darwin-arm64@0.1.88", "", { "os": "darwin", "cpu": "arm64" }, "sha512-Xgywz0dDxOKSgx3eZnK85WgGMmGrQEW7ZLA/E7raZdlEE+xXCozobgqz2ZvYigpB6DJFYkqnwHjqCOTSDGlFdg=="],

    "@napi-rs/canvas-darwin-x64": ["@napi-rs/canvas-darwin-x64@0.1.88", "", { "os": "darwin", "cpu": "x64" }, "sha512-Yz4wSCIQOUgNucgk+8NFtQxQxZV5NO8VKRl9ePKE6XoNyNVC8JDqtvhh3b3TPqKK8W5p2EQpAr1rjjm0mfBxdg=="],

    "@napi-rs/canvas-linux-arm-gnueabihf": ["@napi-rs/canvas-linux-arm-gnueabihf@0.1.88", "", { "os": "linux", "cpu": "arm" }, "sha512-9gQM2SlTo76hYhxHi2XxWTAqpTOb+JtxMPEIr+H5nAhHhyEtNmTSDRtz93SP7mGd2G3Ojf2oF5tP9OdgtgXyKg=="],

    "@napi-rs/canvas-linux-arm64-gnu": ["@napi-rs/canvas-linux-arm64-gnu@0.1.88", "", { "os": "linux", "cpu": "arm64" }, "sha512-7qgaOBMXuVRk9Fzztzr3BchQKXDxGbY+nwsovD3I/Sx81e+sX0ReEDYHTItNb0Je4NHbAl7D0MKyd4SvUc04sg=="],

    "@napi-rs/canvas-linux-arm64-musl": ["@napi-rs/canvas-linux-arm64-musl@0.1.88", "", { "os": "linux", "cpu": "arm64" }, "sha512-kYyNrUsHLkoGHBc77u4Unh067GrfiCUMbGHC2+OTxbeWfZkPt2o32UOQkhnSswKd9Fko/wSqqGkY956bIUzruA=="],

    "@napi-rs/canvas-linux-riscv64-gnu": ["@napi-rs/canvas-linux-riscv64-gnu@0.1.88", "", { "os": "linux", "cpu": "none" }, "sha512-HVuH7QgzB0yavYdNZDRyAsn/ejoXB0hn8twwFnOqUbCCdkV+REna7RXjSR7+PdfW0qMQ2YYWsLvVBT5iL/mGpw=="],

    "@napi-rs/canvas-linux-x64-gnu": ["@napi-rs/canvas-linux-x64-gnu@0.1.88", "", { "os": "linux", "cpu": "x64" }, "sha512-hvcvKIcPEQrvvJtJnwD35B3qk6umFJ8dFIr8bSymfrSMem0EQsfn1ztys8ETIFndTwdNWJKWluvxztA41ivsEw=="],

    "@napi-rs/canvas-linux-x64-musl": ["@napi-rs/canvas-linux-x64-musl@0.1.88", "", { "os": "linux", "cpu": "x64" }, "sha512-eSMpGYY2xnZSQ6UxYJ6plDboxq4KeJ4zT5HaVkUnbObNN6DlbJe0Mclh3wifAmquXfrlgTZt6zhHsUgz++AK6g=="],

    "@napi-rs/canvas-win32-arm64-msvc": ["@napi-rs/canvas-win32-arm64-msvc@0.1.88", "", { "os": "win32", "cpu": "arm64" }, "sha512-qcIFfEgHrchyYqRrxsCeTQgpJZ/GqHiqPcU/Fvw/ARVlQeDX1VyFH+X+0gCR2tca6UJrq96vnW+5o7buCq+erA=="],

    "@napi-rs/canvas-win32-x64-msvc": ["@napi-rs/canvas-win32-x64-msvc@0.1.88", "", { "os": "win32", "cpu": "x64" }, "sha512-ROVqbfS4QyZxYkqmaIBBpbz/BQvAR+05FXM5PAtTYVc0uyY8Y4BHJSMdGAaMf6TdIVRsQsiq+FG/dH9XhvWCFQ=="],

    "@types/bun": ["@types/bun@1.3.6", "", { "dependencies": { "bun-types": "1.3.6" } }, "sha512-uWCv6FO/8LcpREhenN1d1b6fcspAB+cefwD7uti8C8VffIv0Um08TKMn98FynpTiU38+y2dUO55T11NgDt8VAA=="],

    "@types/node": ["@types/node@25.0.9", "", { "dependencies": { "undici-types": "~7.16.0" } }, "sha512-/rpCXHlCWeqClNBwUhDcusJxXYDjZTyE8v5oTO7WbL8eij2nKhUeU89/6xgjU7N4/Vh3He0BtyhJdQbDyhiXAw=="],

    "@types/sizeof": ["@types/sizeof@1.0.3", "", {}, "sha512-ZtMmiQ99w6XONmXhNxmrzi4GvZqGFEmaai2eFMRajEVmnQ+GvRfOI7Efpy+JylYc+5oFknfYkOnc9F4DD6MFrQ=="],

    "asynckit": ["asynckit@0.4.0", "", {}, "sha512-Oei9OH4tRh0YqU3GxhX79dM/mwVgvbZJaSNaRk+bshkj0S5cfHcgYakreBjrHwatXKbz+IoIdYLxrKim2MjW0Q=="],

    "axios": ["axios@1.13.2", "", { "dependencies": { "follow-redirects": "^1.15.6", "form-data": "^4.0.4", "proxy-from-env": "^1.1.0" } }, "sha512-VPk9ebNqPcy5lRGuSlKx752IlDatOjT9paPlm8A7yOuW2Fbvp4X3JznJtT4f0GzGLLiWE9W8onz51SqLYwzGaA=="],

    "bun-types": ["bun-types@1.3.6", "", { "dependencies": { "@types/node": "*" } }, "sha512-OlFwHcnNV99r//9v5IIOgQ9Uk37gZqrNMCcqEaExdkVq3Avwqok1bJFmvGMCkCE0FqzdY8VMOZpfpR3lwI+CsQ=="],

    "call-bind-apply-helpers": ["call-bind-apply-helpers@1.0.2", "", { "dependencies": { "es-errors": "^1.3.0", "function-bind": "^1.1.2" } }, "sha512-Sp1ablJ0ivDkSzjcaJdxEunN5/XvksFJ2sMBFfq6x0ryhQV/2b/KwFe21cMpmHtPOSij8K99/wSfoEuTObmuMQ=="],

    "chalk": ["chalk@5.6.2", "", {}, "sha512-7NzBL0rN6fMUW+f7A6Io4h40qQlG+xGmtMxfbnH/K7TAtt8JQWVQK+6g0UXKMeVJoyV5EkkNsErQ8pVD3bLHbA=="],

    "combined-stream": ["combined-stream@1.0.8", "", { "dependencies": { "delayed-stream": "~1.0.0" } }, "sha512-FQN4MRfuJeHf7cBbBMJFXhKSDq+2kAArBlmRBvcvFE5BB1HZKXtSFASDhdlz9zOYwxh8lDdnvmMOe/+5cdoEdg=="],

    "delayed-stream": ["delayed-stream@1.0.0", "", {}, "sha512-ZySD7Nf91aLB0RxL4KGrKHBXl7Eds1DAmEdcoVawXnLD7SDhpNgtuII2aAkg7a7QS41jxPSZ17p4VdGnMHk3MQ=="],

    "dunder-proto": ["dunder-proto@1.0.1", "", { "dependencies": { "call-bind-apply-helpers": "^1.0.1", "es-errors": "^1.3.0", "gopd": "^1.2.0" } }, "sha512-KIN/nDJBQRcXw0MLVhZE9iQHmG68qAVIBg9CqmUYjmQIhgij9U5MFvrqkUL5FbtyyzZuOeOt0zdeRe4UY7ct+A=="],

    "es-define-property": ["es-define-property@1.0.1", "", {}, "sha512-e3nRfgfUZ4rNGL232gUgX06QNyyez04KdjFrF+LTRoOXmrOgFKDg4BCdsjW8EnT69eqdYGmRpJwiPVYNrCaW3g=="],

    "es-errors": ["es-errors@1.3.0", "", {}, "sha512-Zf5H2Kxt2xjTvbJvP2ZWLEICxA6j+hAmMzIlypy4xcBg1vKVnx89Wy0GbS+kf5cwCVFFzdCFh2XSCFNULS6csw=="],

    "es-object-atoms": ["es-object-atoms@1.1.1", "", { "dependencies": { "es-errors": "^1.3.0" } }, "sha512-FGgH2h8zKNim9ljj7dankFPcICIK9Cp5bm+c2gQSYePhpaG5+esrLODihIorn+Pe6FGJzWhXQotPv73jTaldXA=="],

    "es-set-tostringtag": ["es-set-tostringtag@2.1.0", "", { "dependencies": { "es-errors": "^1.3.0", "get-intrinsic": "^1.2.6", "has-tostringtag": "^1.0.2", "hasown": "^2.0.2" } }, "sha512-j6vWzfrGVfyXxge+O0x5sh6cvxAog0a/4Rdd2K36zCMV5eJ+/+tOAngRO8cODMNWbVRdVlmGZQL2YS3yR8bIUA=="],

    "follow-redirects": ["follow-redirects@1.15.11", "", {}, "sha512-deG2P0JfjrTxl50XGCDyfI97ZGVCxIpfKYmfyrQ54n5FO/0gfIES8C/Psl6kWVDolizcaaxZJnTS0QSMxvnsBQ=="],

    "form-data": ["form-data@4.0.5", "", { "dependencies": { "asynckit": "^0.4.0", "combined-stream": "^1.0.8", "es-set-tostringtag": "^2.1.0", "hasown": "^2.0.2", "mime-types": "^2.1.12" } }, "sha512-8RipRLol37bNs2bhoV67fiTEvdTrbMUYcFTiy3+wuuOnUog2QBHCZWXDRijWQfAkhBj2Uf5UnVaiWwA5vdd82w=="],

    "function-bind": ["function-bind@1.1.2", "", {}, "sha512-7XHNxH7qX9xG5mIwxkhumTox/MIRNcOgDrxWsMt2pAr23WHp6MrRlN7FBSFpCpr+oVO0F744iUgR82nJMfG2SA=="],

    "get-intrinsic": ["get-intrinsic@1.3.0", "", { "dependencies": { "call-bind-apply-helpers": "^1.0.2", "es-define-property": "^1.0.1", "es-errors": "^1.3.0", "es-object-atoms": "^1.1.1", "function-bind": "^1.1.2", "get-proto": "^1.0.1", "gopd": "^1.2.0", "has-symbols": "^1.1.0", "hasown": "^2.0.2", "math-intrinsics": "^1.1.0" } }, "sha512-9fSjSaos/fRIVIp+xSJlE6lfwhES7LNtKaCBIamHsjr2na1BiABJPo0mOjjz8GJDURarmCPGqaiVg5mfjb98CQ=="],

    "get-proto": ["get-proto@1.0.1", "", { "dependencies": { "dunder-proto": "^1.0.1", "es-object-atoms": "^1.0.0" } }, "sha512-sTSfBjoXBp89JvIKIefqw7U2CCebsc74kiY6awiGogKtoSGbgjYE/G/+l9sF3MWFPNc9IcoOC4ODfKHfxFmp0g=="],

    "globals": ["globals@17.0.0", "", {}, "sha512-gv5BeD2EssA793rlFWVPMMCqefTlpusw6/2TbAVMy0FzcG8wKJn4O+NqJ4+XWmmwrayJgw5TzrmWjFgmz1XPqw=="],

    "gopd": ["gopd@1.2.0", "", {}, "sha512-ZUKRh6/kUFoAiTAtTYPZJ3hw9wNxx+BIBOijnlG9PnrJsCcSjs1wyyD6vJpaYtgnzDrKYRSqf3OO6Rfa93xsRg=="],

    "has-symbols": ["has-symbols@1.1.0", "", {}, "sha512-1cDNdwJ2Jaohmb3sg4OmKaMBwuC48sYni5HUw2DvsC8LjGTLK9h+eb1X6RyuOHe4hT0ULCW68iomhjUoKUqlPQ=="],

    "has-tostringtag": ["has-tostringtag@1.0.2", "", { "dependencies": { "has-symbols": "^1.0.3" } }, "sha512-NqADB8VjPFLM2V0VvHUewwwsw0ZWBaIdgo+ieHtK3hasLz4qeCRjYcqfB6AQrBggRKppKF8L52/VqdVsO47Dlw=="],

    "hasown": ["hasown@2.0.2", "", { "dependencies": { "function-bind": "^1.1.2" } }, "sha512-0hJU9SCPvmMzIBdZFqNPXWa6dqh7WdH0cII9y+CyS8rG3nL48Bclra9HmKhVVUHyPWNH5Y7xDwAB7bfgSjkUMQ=="],

    "math-intrinsics": ["math-intrinsics@1.1.0", "", {}, "sha512-/IXtbwEk5HTPyEwyKX6hGkYXxM9nbj64B+ilVJnC/R6B0pH5G4V3b0pVbL7DBj4tkhBAppbQUlf6F6Xl9LHu1g=="],

    "mime-db": ["mime-db@1.52.0", "", {}, "sha512-sPU4uV7dYlvtWJxwwxHD0PuihVNiE7TyAbQ5SWxDCB9mUYvOgroQOwYQQOKPJ8CIbE+1ETVlOoK1UC2nU3gYvg=="],

    "mime-types": ["mime-types@2.1.35", "", { "dependencies": { "mime-db": "1.52.0" } }, "sha512-ZDY+bPm5zTTF+YpCrAU9nK0UgICYPT0QtT1NZWFv4s++TNkcgVaT0g6+4R2uI4MjQjzysHB1zxuWL50hzaeXiw=="],

    "proxy-from-env": ["proxy-from-env@1.1.0", "", {}, "sha512-D+zkORCbA9f1tdWRK0RaCR3GPv50cMxcrz4X8k5LTSUD1Dkw47mKJEZQNunItRTkWwgtaUSo1RVFRIG9ZXiFYg=="],

    "sizeof": ["sizeof@1.0.0", "", {}, "sha512-g4OQ0bVHnbik2WwL9nN59ojhADXFPjJq0hWn69a2eJdt3BsxcCU5oWgaXwm8ZUXlGYx9qTOiMFlOdlqoibnz/g=="],

    "typescript": ["typescript@5.9.3", "", { "bin": { "tsc": "bin/tsc", "tsserver": "bin/tsserver" } }, "sha512-jl1vZzPDinLr9eUt3J/t7V6FgNEw9QjvBPdysz9KfQDD41fQrC2Y4vKQdiaUpFT4bXlb1RHhLpp8wtm6M5TgSw=="],

    "undici-types": ["undici-types@7.16.0", "", {}, "sha512-Zz+aZWSj8LE6zoxD+xrjh4VfkIG8Ya6LvYkZqtUQGJPZjYl53ypCaUwWqo7eI0x66KBGeRo+mlBEkMSeSZ38Nw=="],

    "bun-types/@types/node": ["@types/node@22.9.0", "", { "dependencies": { "undici-types": "~6.19.8" } }, "sha512-vuyHg81vvWA1Z1ELfvLko2c8f34gyA0zaic0+Rllc5lbCnbSyuvb2Oxpm6TAUAC/2xZN3QGqxBNggD1nNR2AfQ=="],

    "bun-types/@types/node/undici-types": ["undici-types@6.19.8", "", {}, "sha512-ve2KP6f/JnbPBFyobGHuerC9g1FYGn/F8n1LWTwNxCEzd6IfqTwUQcNXgEtmmQ6DlRrC1hrSrBnCZPokRrDHjw=="],
  }
}
